{
  "name": "ajs-lab-test",
  "version": "1.0.0",
  "lockfileVersion": 3,
  "requires": true,
  "packages": {
    "": {
      "name": "ajs-lab-test",
      "version": "1.0.0",
      "license": "ISC",
      "dependencies": {
        "@ilyazyablov/ajs-lab": "^1.0.0"
      }
    },
    "node_modules/@ilyazyablov/ajs-lab": {
      "version": "1.0.0",
      "resolved": "https://npm.pkg.github.com/download/@ilyazyablov/ajs-lab/1.0.0/1e4a6a1efbd507484d782d74febf05b2354651bd",
      "integrity": "sha512-ARvaLigxMHBqUDN+1N2wW3RZ4hUcBteOKgh5atN7o/hwdPoLlo6oNtoFqtbGN/t/qVfl1z8YcRQEudocvLtHDw==",
      "license": "ISC"
    }
  }
}
